
Microsoft Visual Studio Solution File, Format Version 12.00
# Visual Studio Version 16
VisualStudioVersion = 16.0.31005.135
MinimumVisualStudioVersion = 10.0.40219.1
Project("{FAE04EC0-301F-11D3-BF4B-00C04F79EFBC}") = "Recipe API", "Recipe API\Recipe API.csproj", "{6DA202E0-4CB1-4DE3-8913-14E7A88C668A}"
EndProject
Global
	GlobalSection(SolutionConfigurationPlatforms) = preSolution
		Debug|Any CPU = Debug|Any CPU
		Release|Any CPU = Release|Any CPU
	EndGlobalSection
	GlobalSection(ProjectConfigurationPlatforms) = postSolution
		{6DA202E0-4CB1-4DE3-8913-14E7A88C668A}.Debug|Any CPU.ActiveCfg = Debug|Any CPU
		{6DA202E0-4CB1-4DE3-8913-14E7A88C668A}.Debug|Any CPU.Build.0 = Debug|Any CPU
		{6DA202E0-4CB1-4DE3-8913-14E7A88C668A}.Release|Any CPU.ActiveCfg = Release|Any CPU
		{6DA202E0-4CB1-4DE3-8913-14E7A88C668A}.Release|Any CPU.Build.0 = Release|Any CPU
	EndGlobalSection
	GlobalSection(SolutionProperties) = preSolution
		HideSolutionNode = FALSE
	EndGlobalSection
	GlobalSection(ExtensibilityGlobals) = postSolution
		SolutionGuid = {D9E421C8-0E7B-4647-BE92-2473490C3B71}
	EndGlobalSection
EndGlobal
